<?xml version="1.0" encoding="utf-8"?>
<Project ToolsVersion="4.0" xmlns="http://schemas.microsoft.com/developer/msbuild/2003">
  <ItemGroup>
    <Filter Include="Fichiers sources">
      <UniqueIdentifier>{4FC737F1-C7A5-4376-A066-2A32D752A2FF}</UniqueIdentifier>
      <Extensions>cpp;c;cc;cxx;c++;cppm;ixx;def;odl;idl;hpj;bat;asm;asmx</Extensions>
    </Filter>
    <Filter Include="Fichiers d%27en-tête">
      <UniqueIdentifier>{93995380-89BD-4b04-88EB-625FBE52EBFB}</UniqueIdentifier>
      <Extensions>h;hh;hpp;hxx;h++;hm;inl;inc;ipp;xsd</Extensions>
    </Filter>
    <Filter Include="Fichiers de ressources">
      <UniqueIdentifier>{67DA6AB6-F800-4c08-8B7A-83BB121AAD01}</UniqueIdentifier>
      <Extensions>rc;ico;cur;bmp;dlg;rc2;rct;bin;rgs;gif;jpg;jpeg;jpe;resx;tiff;tif;png;wav;mfcribbon-ms</Extensions>
    </Filter>
    <Filter Include="Fichiers d%27en-tête\Class%27s">
      <UniqueIdentifier>{c75f4fb8-e622-4562-b2b6-8f164760900f}</UniqueIdentifier>
    </Filter>
    <Filter Include="Fichiers d%27en-tête\Graphic">
      <UniqueIdentifier>{17d39fa7-1835-486e-9030-7625e328fa3a}</UniqueIdentifier>
    </Filter>
    <Filter Include="Fichiers sources\Class%27s.cpp">
      <UniqueIdentifier>{25141843-9474-4fb7-806f-e0642e68e769}</UniqueIdentifier>
    </Filter>
    <Filter Include="Fichiers sources\Graphic.cpp">
      <UniqueIdentifier>{db0eb5ea-191f-464f-a01c-db318f48ffbf}</UniqueIdentifier>
    </Filter>
  </ItemGroup>
  <ItemGroup>
    <ClCompile Include="Main.cpp">
      <Filter>Fichiers sources</Filter>
    </ClCompile>
    <ClCompile Include="Utility.cpp">
      <Filter>Fichiers sources</Filter>
    </ClCompile>
    <ClCompile Include="GameManager.cpp">
      <Filter>Fichiers sources</Filter>
    </ClCompile>
    <ClCompile Include="Assasin.cpp">
      <Filter>Fichiers sources\Class%27s.cpp</Filter>
    </ClCompile>
    <ClCompile Include="Character.cpp">
      <Filter>Fichiers sources\Class%27s.cpp</Filter>
    </ClCompile>
    <ClCompile Include="Fighter.cpp">
      <Filter>Fichiers sources\Class%27s.cpp</Filter>
    </ClCompile>
    <ClCompile Include="Mage.cpp">
      <Filter>Fichiers sources\Class%27s.cpp</Filter>
    </ClCompile>
    <ClCompile Include="Sprite.cpp">
      <Filter>Fichiers sources\Graphic.cpp</Filter>
    </ClCompile>
    <ClCompile Include="Visual.cpp">
      <Filter>Fichiers sources\Graphic.cpp</Filter>
    </ClCompile>
    <ClCompile Include="Golem.cpp">
      <Filter>Fichiers sources\Class%27s.cpp</Filter>
    </ClCompile>
    <ClCompile Include="Spectre.cpp">
      <Filter>Fichiers sources\Class%27s.cpp</Filter>
    </ClCompile>
    <ClCompile Include="Reaper.cpp">
      <Filter>Fichiers sources\Class%27s.cpp</Filter>
    </ClCompile>
  </ItemGroup>
  <ItemGroup>
    <ClInclude Include="Utility.h">
      <Filter>Fichiers d%27en-tête</Filter>
    </ClInclude>
    <ClInclude Include="GameManager.h">
      <Filter>Fichiers d%27en-tête</Filter>
    </ClInclude>
    <ClInclude Include="Assasin.h">
      <Filter>Fichiers d%27en-tête\Class%27s</Filter>
    </ClInclude>
    <ClInclude Include="Character.h">
      <Filter>Fichiers d%27en-tête\Class%27s</Filter>
    </ClInclude>
    <ClInclude Include="Fighter.h">
      <Filter>Fichiers d%27en-tête\Class%27s</Filter>
    </ClInclude>
    <ClInclude Include="Mage.h">
      <Filter>Fichiers d%27en-tête\Class%27s</Filter>
    </ClInclude>
    <ClInclude Include="Tiles.h">
      <Filter>Fichiers d%27en-tête\Graphic</Filter>
    </ClInclude>
    <ClInclude Include="Visual.h">
      <Filter>Fichiers d%27en-tête\Graphic</Filter>
    </ClInclude>
    <ClInclude Include="Color.h">
      <Filter>Fichiers d%27en-tête\Graphic</Filter>
    </ClInclude>
    <ClInclude Include="Sprite.h">
      <Filter>Fichiers d%27en-tête\Graphic</Filter>
    </ClInclude>
    <ClInclude Include="Golem.h">
      <Filter>Fichiers d%27en-tête\Class%27s</Filter>
    </ClInclude>
    <ClInclude Include="Reaper.h">
      <Filter>Fichiers d%27en-tête\Class%27s</Filter>
    </ClInclude>
    <ClInclude Include="Spectre.h">
      <Filter>Fichiers d%27en-tête\Class%27s</Filter>
    </ClInclude>
  </ItemGroup>
</Project>